
Microsoft Visual Studio Solution File, Format Version 12.00
# Visual Studio 15
VisualStudioVersion = 15.0.26430.6
MinimumVisualStudioVersion = 10.0.40219.1
Project("{8BC9CEB8-8B4A-11D0-8D11-00A0C91BC942}") = "MorphEngine", "MorphEngine\MorphEngine.vcxproj", "{8371E060-1F6B-46AE-890C-9CA16AA602A0}"
EndProject
Project("{8BC9CEB8-8B4A-11D0-8D11-00A0C91BC942}") = "Win32Launcher", "Win32Launcher\Win32Launcher.vcxproj", "{F6E45C93-6154-4954-8562-12CF5C8C2625}"
EndProject
Project("{8BC9CEB8-8B4A-11D0-8D11-00A0C91BC942}") = "AssetProcessor", "AssetProcessor\AssetProcessor.vcxproj", "{D342F619-798C-4E6D-95B8-7A9A17359B35}"
EndProject
Project("{8BC9CEB8-8B4A-11D0-8D11-00A0C91BC942}") = "MorphEd", "MorphEd\MorphEd.vcxproj", "{19FC514B-C3E8-4BF4-9AE7-5CED74F847E7}"
EndProject
Global
	GlobalSection(SolutionConfigurationPlatforms) = preSolution
		Debug_TCS|x64 = Debug_TCS|x64
		Debug_TCS|x86 = Debug_TCS|x86
		Debug|x64 = Debug|x64
		Debug|x86 = Debug|x86
		Release_TCS|x64 = Release_TCS|x64
		Release_TCS|x86 = Release_TCS|x86
		Release|x64 = Release|x64
		Release|x86 = Release|x86
	EndGlobalSection
	GlobalSection(ProjectConfigurationPlatforms) = postSolution
		{8371E060-1F6B-46AE-890C-9CA16AA602A0}.Debug_TCS|x64.ActiveCfg = Debug_TCS|x64
		{8371E060-1F6B-46AE-890C-9CA16AA602A0}.Debug_TCS|x64.Build.0 = Debug_TCS|x64
		{8371E060-1F6B-46AE-890C-9CA16AA602A0}.Debug_TCS|x86.ActiveCfg = Debug_TCS|Win32
		{8371E060-1F6B-46AE-890C-9CA16AA602A0}.Debug_TCS|x86.Build.0 = Debug_TCS|Win32
		{8371E060-1F6B-46AE-890C-9CA16AA602A0}.Debug|x64.ActiveCfg = Debug|x64
		{8371E060-1F6B-46AE-890C-9CA16AA602A0}.Debug|x64.Build.0 = Debug|x64
		{8371E060-1F6B-46AE-890C-9CA16AA602A0}.Debug|x86.ActiveCfg = Debug|Win32
		{8371E060-1F6B-46AE-890C-9CA16AA602A0}.Debug|x86.Build.0 = Debug|Win32
		{8371E060-1F6B-46AE-890C-9CA16AA602A0}.Release_TCS|x64.ActiveCfg = Release_TCS|x64
		{8371E060-1F6B-46AE-890C-9CA16AA602A0}.Release_TCS|x64.Build.0 = Release_TCS|x64
		{8371E060-1F6B-46AE-890C-9CA16AA602A0}.Release_TCS|x86.ActiveCfg = Release_TCS|Win32
		{8371E060-1F6B-46AE-890C-9CA16AA602A0}.Release_TCS|x86.Build.0 = Release_TCS|Win32
		{8371E060-1F6B-46AE-890C-9CA16AA602A0}.Release|x64.ActiveCfg = Release|x64
		{8371E060-1F6B-46AE-890C-9CA16AA602A0}.Release|x64.Build.0 = Release|x64
		{8371E060-1F6B-46AE-890C-9CA16AA602A0}.Release|x86.ActiveCfg = Release|Win32
		{8371E060-1F6B-46AE-890C-9CA16AA602A0}.Release|x86.Build.0 = Release|Win32
		{F6E45C93-6154-4954-8562-12CF5C8C2625}.Debug_TCS|x64.ActiveCfg = Debug_TCS|x64
		{F6E45C93-6154-4954-8562-12CF5C8C2625}.Debug_TCS|x64.Build.0 = Debug_TCS|x64
		{F6E45C93-6154-4954-8562-12CF5C8C2625}.Debug_TCS|x86.ActiveCfg = Debug_TCS|Win32
		{F6E45C93-6154-4954-8562-12CF5C8C2625}.Debug_TCS|x86.Build.0 = Debug_TCS|Win32
		{F6E45C93-6154-4954-8562-12CF5C8C2625}.Debug|x64.ActiveCfg = Debug|x64
		{F6E45C93-6154-4954-8562-12CF5C8C2625}.Debug|x64.Build.0 = Debug|x64
		{F6E45C93-6154-4954-8562-12CF5C8C2625}.Debug|x86.ActiveCfg = Debug|Win32
		{F6E45C93-6154-4954-8562-12CF5C8C2625}.Debug|x86.Build.0 = Debug|Win32
		{F6E45C93-6154-4954-8562-12CF5C8C2625}.Release_TCS|x64.ActiveCfg = Release_TCS|x64
		{F6E45C93-6154-4954-8562-12CF5C8C2625}.Release_TCS|x64.Build.0 = Release_TCS|x64
		{F6E45C93-6154-4954-8562-12CF5C8C2625}.Release_TCS|x86.ActiveCfg = Release_TCS|Win32
		{F6E45C93-6154-4954-8562-12CF5C8C2625}.Release_TCS|x86.Build.0 = Release_TCS|Win32
		{F6E45C93-6154-4954-8562-12CF5C8C2625}.Release|x64.ActiveCfg = Release|x64
		{F6E45C93-6154-4954-8562-12CF5C8C2625}.Release|x64.Build.0 = Release|x64
		{F6E45C93-6154-4954-8562-12CF5C8C2625}.Release|x86.ActiveCfg = Release|Win32
		{F6E45C93-6154-4954-8562-12CF5C8C2625}.Release|x86.Build.0 = Release|Win32
		{D342F619-798C-4E6D-95B8-7A9A17359B35}.Debug_TCS|x64.ActiveCfg = Debug|x64
		{D342F619-798C-4E6D-95B8-7A9A17359B35}.Debug_TCS|x64.Build.0 = Debug|x64
		{D342F619-798C-4E6D-95B8-7A9A17359B35}.Debug_TCS|x86.ActiveCfg = Debug|Win32
		{D342F619-798C-4E6D-95B8-7A9A17359B35}.Debug_TCS|x86.Build.0 = Debug|Win32
		{D342F619-798C-4E6D-95B8-7A9A17359B35}.Debug|x64.ActiveCfg = Debug|x64
		{D342F619-798C-4E6D-95B8-7A9A17359B35}.Debug|x64.Build.0 = Debug|x64
		{D342F619-798C-4E6D-95B8-7A9A17359B35}.Debug|x86.ActiveCfg = Debug|Win32
		{D342F619-798C-4E6D-95B8-7A9A17359B35}.Debug|x86.Build.0 = Debug|Win32
		{D342F619-798C-4E6D-95B8-7A9A17359B35}.Release_TCS|x64.ActiveCfg = Release|x64
		{D342F619-798C-4E6D-95B8-7A9A17359B35}.Release_TCS|x64.Build.0 = Release|x64
		{D342F619-798C-4E6D-95B8-7A9A17359B35}.Release_TCS|x86.ActiveCfg = Release|Win32
		{D342F619-798C-4E6D-95B8-7A9A17359B35}.Release_TCS|x86.Build.0 = Release|Win32
		{D342F619-798C-4E6D-95B8-7A9A17359B35}.Release|x64.ActiveCfg = Release|x64
		{D342F619-798C-4E6D-95B8-7A9A17359B35}.Release|x64.Build.0 = Release|x64
		{D342F619-798C-4E6D-95B8-7A9A17359B35}.Release|x86.ActiveCfg = Release|Win32
		{D342F619-798C-4E6D-95B8-7A9A17359B35}.Release|x86.Build.0 = Release|Win32
		{19FC514B-C3E8-4BF4-9AE7-5CED74F847E7}.Debug_TCS|x64.ActiveCfg = Debug_TCS|x64
		{19FC514B-C3E8-4BF4-9AE7-5CED74F847E7}.Debug_TCS|x64.Build.0 = Debug_TCS|x64
		{19FC514B-C3E8-4BF4-9AE7-5CED74F847E7}.Debug_TCS|x64.Deploy.0 = Debug_TCS|x64
		{19FC514B-C3E8-4BF4-9AE7-5CED74F847E7}.Debug_TCS|x86.ActiveCfg = Debug|Win32
		{19FC514B-C3E8-4BF4-9AE7-5CED74F847E7}.Debug_TCS|x86.Build.0 = Debug|Win32
		{19FC514B-C3E8-4BF4-9AE7-5CED74F847E7}.Debug_TCS|x86.Deploy.0 = Debug|Win32
		{19FC514B-C3E8-4BF4-9AE7-5CED74F847E7}.Debug|x64.ActiveCfg = Debug|x64
		{19FC514B-C3E8-4BF4-9AE7-5CED74F847E7}.Debug|x64.Build.0 = Debug|x64
		{19FC514B-C3E8-4BF4-9AE7-5CED74F847E7}.Debug|x86.ActiveCfg = Debug|Win32
		{19FC514B-C3E8-4BF4-9AE7-5CED74F847E7}.Debug|x86.Build.0 = Debug|Win32
		{19FC514B-C3E8-4BF4-9AE7-5CED74F847E7}.Release_TCS|x64.ActiveCfg = Release_TCS|x64
		{19FC514B-C3E8-4BF4-9AE7-5CED74F847E7}.Release_TCS|x64.Build.0 = Release_TCS|x64
		{19FC514B-C3E8-4BF4-9AE7-5CED74F847E7}.Release_TCS|x64.Deploy.0 = Release_TCS|x64
		{19FC514B-C3E8-4BF4-9AE7-5CED74F847E7}.Release_TCS|x86.ActiveCfg = Release|Win32
		{19FC514B-C3E8-4BF4-9AE7-5CED74F847E7}.Release_TCS|x86.Build.0 = Release|Win32
		{19FC514B-C3E8-4BF4-9AE7-5CED74F847E7}.Release_TCS|x86.Deploy.0 = Release|Win32
		{19FC514B-C3E8-4BF4-9AE7-5CED74F847E7}.Release|x64.ActiveCfg = Release|x64
		{19FC514B-C3E8-4BF4-9AE7-5CED74F847E7}.Release|x64.Build.0 = Release|x64
		{19FC514B-C3E8-4BF4-9AE7-5CED74F847E7}.Release|x86.ActiveCfg = Release|Win32
		{19FC514B-C3E8-4BF4-9AE7-5CED74F847E7}.Release|x86.Build.0 = Release|Win32
	EndGlobalSection
	GlobalSection(SolutionProperties) = preSolution
		HideSolutionNode = FALSE
	EndGlobalSection
EndGlobal
