<?xml version="1.0" encoding="utf-8"?>
<Project ToolsVersion="4.0" xmlns="http://schemas.microsoft.com/developer/msbuild/2003">
  <ItemGroup>
    <Filter Include="Source Files">
      <UniqueIdentifier>{4FC737F1-C7A5-4376-A066-2A32D752A2FF}</UniqueIdentifier>
      <Extensions>cpp;c;cc;cxx;def;odl;idl;hpj;bat;asm;asmx</Extensions>
    </Filter>
    <Filter Include="Header Files">
      <UniqueIdentifier>{93995380-89BD-4b04-88EB-625FBE52EBFB}</UniqueIdentifier>
      <Extensions>h;hh;hpp;hxx;hm;inl;inc;xsd</Extensions>
    </Filter>
    <Filter Include="Resource Files">
      <UniqueIdentifier>{67DA6AB6-F800-4c08-8B7A-83BB121AAD01}</UniqueIdentifier>
      <Extensions>rc;ico;cur;bmp;dlg;rc2;rct;bin;rgs;gif;jpg;jpeg;jpe;resx;tiff;tif;png;wav;mfcribbon-ms</Extensions>
    </Filter>
  </ItemGroup>
  <ItemGroup>
    <Text Include="ReadMe.txt" />
  </ItemGroup>
  <ItemGroup>
    <ClInclude Include="Src\Camera.h">
      <Filter>Header Files</Filter>
    </ClInclude>
    <ClInclude Include="Src\Material.h">
      <Filter>Header Files</Filter>
    </ClInclude>
    <ClInclude Include="Src\Mesh.h">
      <Filter>Header Files</Filter>
    </ClInclude>
    <ClInclude Include="Src\Renderer.h">
      <Filter>Header Files</Filter>
    </ClInclude>
    <ClInclude Include="Src\Resource.h">
      <Filter>Header Files</Filter>
    </ClInclude>
    <ClInclude Include="Src\Singleton.h">
      <Filter>Header Files</Filter>
    </ClInclude>
    <ClInclude Include="Src\SSDO.h">
      <Filter>Header Files</Filter>
    </ClInclude>
    <ClInclude Include="Src\stdafx.h">
      <Filter>Header Files</Filter>
    </ClInclude>
    <ClInclude Include="Src\System.h">
      <Filter>Header Files</Filter>
    </ClInclude>
    <ClInclude Include="Src\targetver.h">
      <Filter>Header Files</Filter>
    </ClInclude>
    <ClInclude Include="Src\Timer.h">
      <Filter>Header Files</Filter>
    </ClInclude>
    <ClInclude Include="Src\Buffer.h">
      <Filter>Header Files</Filter>
    </ClInclude>
    <ClInclude Include="Src\Scenes\SceneTest.h">
      <Filter>Header Files</Filter>
    </ClInclude>
    <ClInclude Include="Src\Scenes\Scene.h">
      <Filter>Header Files</Filter>
    </ClInclude>
    <ClInclude Include="Src\GlobalDefines.h">
      <Filter>Header Files</Filter>
    </ClInclude>
    <ClInclude Include="Src\Lights\LightAmbient.h">
      <Filter>Header Files</Filter>
    </ClInclude>
    <ClInclude Include="Src\Lights\LightDirectional.h">
      <Filter>Header Files</Filter>
    </ClInclude>
    <ClInclude Include="Src\Lights\LightPoint.h">
      <Filter>Header Files</Filter>
    </ClInclude>
    <ClInclude Include="Src\GBuffer.h">
      <Filter>Header Files</Filter>
    </ClInclude>
    <ClInclude Include="Src\Shader.h">
      <Filter>Header Files</Filter>
    </ClInclude>
    <ClInclude Include="Src\Postprocesses\Postprocess.h">
      <Filter>Header Files</Filter>
    </ClInclude>
    <ClInclude Include="Src\Postprocesses\Sepia.h">
      <Filter>Header Files</Filter>
    </ClInclude>
    <ClInclude Include="Src\Object.h">
      <Filter>Header Files</Filter>
    </ClInclude>
    <ClInclude Include="Src\Postprocesses\SimpleSSAO.h">
      <Filter>Header Files</Filter>
    </ClInclude>
    <ClInclude Include="Src\Random.h">
      <Filter>Header Files</Filter>
    </ClInclude>
    <ClInclude Include="Src\Input.h">
      <Filter>Header Files</Filter>
    </ClInclude>
    <ClInclude Include="Src\Controller.h">
      <Filter>Header Files</Filter>
    </ClInclude>
    <ClInclude Include="Src\Font.h">
      <Filter>Header Files</Filter>
    </ClInclude>
    <ClInclude Include="Src\Text.h">
      <Filter>Header Files</Filter>
    </ClInclude>
    <ClInclude Include="Src\Texture.h">
      <Filter>Header Files</Filter>
    </ClInclude>
    <ClInclude Include="Src\Profiler.h">
      <Filter>Header Files</Filter>
    </ClInclude>
    <ClInclude Include="Src\Postprocesses\SSDOBase.h">
      <Filter>Header Files</Filter>
    </ClInclude>
    <ClInclude Include="Src\Postprocesses\SSDOImproved.h">
      <Filter>Header Files</Filter>
    </ClInclude>
    <ClInclude Include="Src\ComputeShader.h">
      <Filter>Header Files</Filter>
    </ClInclude>
    <ClInclude Include="Src\RWTexture.h">
      <Filter>Header Files</Filter>
    </ClInclude>
    <ClInclude Include="Src\RWStructuredBuffer.h">
      <Filter>Header Files</Filter>
    </ClInclude>
    <ClInclude Include="Src\Postprocesses\Utility\SATGenerator.h">
      <Filter>Header Files</Filter>
    </ClInclude>
    <ClInclude Include="Src\Postprocesses\Utility\AdaptiveLayerGenerator.h">
      <Filter>Header Files</Filter>
    </ClInclude>
    <ClInclude Include="Src\Postprocesses\SSDOImprovedB.h">
      <Filter>Header Files</Filter>
    </ClInclude>
    <ClInclude Include="Src\Postprocesses\Utility\DepthAwareBlur.h">
      <Filter>Header Files</Filter>
    </ClInclude>
    <ClInclude Include="Src\Postprocesses\Utility\Helper.h">
      <Filter>Header Files</Filter>
    </ClInclude>
  </ItemGroup>
  <ItemGroup>
    <ClCompile Include="Src\Camera.cpp">
      <Filter>Source Files</Filter>
    </ClCompile>
    <ClCompile Include="Src\Material.cpp">
      <Filter>Source Files</Filter>
    </ClCompile>
    <ClCompile Include="Src\Mesh.cpp">
      <Filter>Source Files</Filter>
    </ClCompile>
    <ClCompile Include="Src\Renderer.cpp">
      <Filter>Source Files</Filter>
    </ClCompile>
    <ClCompile Include="Src\SSDO.cpp">
      <Filter>Source Files</Filter>
    </ClCompile>
    <ClCompile Include="Src\stdafx.cpp">
      <Filter>Source Files</Filter>
    </ClCompile>
    <ClCompile Include="Src\System.cpp">
      <Filter>Source Files</Filter>
    </ClCompile>
    <ClCompile Include="Src\Timer.cpp">
      <Filter>Source Files</Filter>
    </ClCompile>
    <ClCompile Include="Src\Buffer.cpp">
      <Filter>Source Files</Filter>
    </ClCompile>
    <ClCompile Include="Src\Scenes\SceneTest.cpp">
      <Filter>Source Files</Filter>
    </ClCompile>
    <ClCompile Include="Src\Scenes\Scene.cpp">
      <Filter>Source Files</Filter>
    </ClCompile>
    <ClCompile Include="Src\Lights\LightAmbient.cpp">
      <Filter>Source Files</Filter>
    </ClCompile>
    <ClCompile Include="Src\Lights\LightDirectional.cpp">
      <Filter>Source Files</Filter>
    </ClCompile>
    <ClCompile Include="Src\Lights\LightPoint.cpp">
      <Filter>Source Files</Filter>
    </ClCompile>
    <ClCompile Include="Src\GBuffer.cpp">
      <Filter>Source Files</Filter>
    </ClCompile>
    <ClCompile Include="Src\Shader.cpp">
      <Filter>Source Files</Filter>
    </ClCompile>
    <ClCompile Include="Src\Postprocesses\Postprocess.cpp">
      <Filter>Source Files</Filter>
    </ClCompile>
    <ClCompile Include="Src\Postprocesses\Sepia.cpp">
      <Filter>Source Files</Filter>
    </ClCompile>
    <ClCompile Include="Src\Object.cpp">
      <Filter>Source Files</Filter>
    </ClCompile>
    <ClCompile Include="Src\Postprocesses\SimpleSSAO.cpp">
      <Filter>Source Files</Filter>
    </ClCompile>
    <ClCompile Include="Src\Random.cpp">
      <Filter>Source Files</Filter>
    </ClCompile>
    <ClCompile Include="Src\Input.cpp">
      <Filter>Source Files</Filter>
    </ClCompile>
    <ClCompile Include="Src\Controller.cpp">
      <Filter>Source Files</Filter>
    </ClCompile>
    <ClCompile Include="Src\Font.cpp">
      <Filter>Source Files</Filter>
    </ClCompile>
    <ClCompile Include="Src\Text.cpp">
      <Filter>Source Files</Filter>
    </ClCompile>
    <ClCompile Include="Src\Texture.cpp">
      <Filter>Source Files</Filter>
    </ClCompile>
    <ClCompile Include="Src\Profiler.cpp">
      <Filter>Source Files</Filter>
    </ClCompile>
    <ClCompile Include="Src\Postprocesses\SSDOBase.cpp">
      <Filter>Source Files</Filter>
    </ClCompile>
    <ClCompile Include="Src\Postprocesses\SSDOImproved.cpp">
      <Filter>Source Files</Filter>
    </ClCompile>
    <ClCompile Include="Src\ComputeShader.cpp">
      <Filter>Source Files</Filter>
    </ClCompile>
    <ClCompile Include="Src\RWTexture.cpp">
      <Filter>Source Files</Filter>
    </ClCompile>
    <ClCompile Include="Src\RWStructuredBuffer.cpp">
      <Filter>Source Files</Filter>
    </ClCompile>
    <ClCompile Include="Src\Postprocesses\Utility\SATGenerator.cpp">
      <Filter>Source Files</Filter>
    </ClCompile>
    <ClCompile Include="Src\Postprocesses\Utility\AdaptiveLayerGenerator.cpp">
      <Filter>Source Files</Filter>
    </ClCompile>
    <ClCompile Include="Src\Postprocesses\SSDOImprovedB.cpp">
      <Filter>Source Files</Filter>
    </ClCompile>
    <ClCompile Include="Src\Postprocesses\Utility\DepthAwareBlur.cpp">
      <Filter>Source Files</Filter>
    </ClCompile>
  </ItemGroup>
  <ItemGroup>
    <Image Include="Resources\RC\SSDO.ico">
      <Filter>Resource Files</Filter>
    </Image>
    <Image Include="Resources\RC\small.ico">
      <Filter>Resource Files</Filter>
    </Image>
  </ItemGroup>
  <ItemGroup>
    <ResourceCompile Include="Resources\RC\SSDO.rc">
      <Filter>Resource Files</Filter>
    </ResourceCompile>
  </ItemGroup>
  <ItemGroup>
    <FxCompile Include="Resources\Shaders\ColorShader\ColorShader_PS.hlsl" />
    <FxCompile Include="Resources\Shaders\ColorShader\ColorShader_VS.hlsl" />
    <FxCompile Include="Resources\Shaders\DeferredLightAmbientShader\DeferredLightAmbientShader_PS.hlsl" />
    <FxCompile Include="Resources\Shaders\DeferredLightDirectionalShader\DeferredLightDirectionalShader_VS.hlsl" />
    <FxCompile Include="Resources\Shaders\DeferredLightDirectionalShader\DeferredLightDirectionalShader_PS.hlsl" />
    <FxCompile Include="Resources\Shaders\DeferredLightMergeShader\DeferredLightMergeShader_VS.hlsl" />
    <FxCompile Include="Resources\Shaders\DeferredLightMergeShader\DeferredLightMergeShader_PS.hlsl" />
    <FxCompile Include="Resources\Shaders\DeferredLightPointShader\DeferredLightPointShader_VS.hlsl" />
    <FxCompile Include="Resources\Shaders\DeferredLightPointShader\DeferredLightPointShader_PS.hlsl" />
    <FxCompile Include="Resources\Shaders\DeferredDrawShader\DeferredDrawShader_PS.hlsl" />
    <FxCompile Include="Resources\Shaders\DeferredDrawShader\DeferredDrawShader_VS.hlsl" />
    <FxCompile Include="Resources\Shaders\DeferredLightAmbientShader\DeferredLightAmbientShader_VS.hlsl" />
    <FxCompile Include="Resources\Shaders\PPSepia\PPSepia_VS.hlsl" />
    <FxCompile Include="Resources\Shaders\PPSepia\PPSepia_PS.hlsl" />
    <FxCompile Include="Resources\Shaders\SimpleSSAO\SimpleSSAO_Base_PS.hlsl" />
    <FxCompile Include="Resources\Shaders\SimpleSSAO\SimpleSSAO_Base_VS.hlsl" />
    <FxCompile Include="Resources\Shaders\SimpleSSAO\SimpleSSAO_BlurMerge_VS.hlsl" />
    <FxCompile Include="Resources\Shaders\SimpleSSAO\SimpleSSAO_BlurMerge_PS.hlsl" />
    <FxCompile Include="Resources\Shaders\TextShader\TextShader_PS.hlsl" />
    <FxCompile Include="Resources\Shaders\TextShader\TextShader_VS.hlsl" />
    <FxCompile Include="Resources\Shaders\SSDOBase\SSDOBase_Base_PS.hlsl" />
    <FxCompile Include="Resources\Shaders\SSDOBase\SSDOBase_Base_VS.hlsl" />
    <FxCompile Include="Resources\Shaders\SSDOBase\SSDOBase_BlurMerge_PS.hlsl" />
    <FxCompile Include="Resources\Shaders\SSDOBase\SSDOBase_BlurMerge_VS.hlsl" />
    <FxCompile Include="Resources\Shaders\SSDOImproved\SSDOImproved_Base_PS.hlsl" />
    <FxCompile Include="Resources\Shaders\SSDOImproved\SSDOImproved_Base_VS.hlsl" />
    <FxCompile Include="Resources\Shaders\SSDOImprovedB\SSDOImprovedB_Base_PS.hlsl" />
    <FxCompile Include="Resources\Shaders\SSDOImprovedB\SSDOImprovedB_Base_VS.hlsl" />
    <FxCompile Include="Resources\Shaders\PostprocessUtility\AdaptiveLayers_CS.hlsl" />
    <FxCompile Include="Resources\Shaders\PostprocessUtility\DepthAwareBlur_CS.hlsl" />
    <FxCompile Include="Resources\Shaders\PostprocessUtility\SAT_CS.hlsl" />
  </ItemGroup>
  <ItemGroup>
    <None Include="Resources\Shaders\_global\GlobalDefines.hlsli" />
    <None Include="Resources\Shaders\_global\Lighting.hlsli" />
    <None Include="Resources\Shaders\PostprocessUtility\SATUtility.hlsli" />
  </ItemGroup>
</Project>